
Microsoft Visual Studio Solution File, Format Version 12.00
# Visual Studio Version 16
VisualStudioVersion = 16.0.31624.102
MinimumVisualStudioVersion = 10.0.40219.1
Project("{FAE04EC0-301F-11D3-BF4B-00C04F79EFBC}") = "election2", "election2.csproj", "{06A1CF9B-99AA-4326-A38C-92D2200D5C11}"
EndProject
Global
	GlobalSection(SolutionConfigurationPlatforms) = preSolution
		Debug|Any CPU = Debug|Any CPU
		Release|Any CPU = Release|Any CPU
	EndGlobalSection
	GlobalSection(ProjectConfigurationPlatforms) = postSolution
		{06A1CF9B-99AA-4326-A38C-92D2200D5C11}.Debug|Any CPU.ActiveCfg = Debug|Any CPU
		{06A1CF9B-99AA-4326-A38C-92D2200D5C11}.Debug|Any CPU.Build.0 = Debug|Any CPU
		{06A1CF9B-99AA-4326-A38C-92D2200D5C11}.Release|Any CPU.ActiveCfg = Release|Any CPU
		{06A1CF9B-99AA-4326-A38C-92D2200D5C11}.Release|Any CPU.Build.0 = Release|Any CPU
	EndGlobalSection
	GlobalSection(SolutionProperties) = preSolution
		HideSolutionNode = FALSE
	EndGlobalSection
	GlobalSection(ExtensibilityGlobals) = postSolution
		SolutionGuid = {B757B463-2783-4303-856D-7AB72F5991A7}
	EndGlobalSection
EndGlobal
